
Microsoft Visual Studio Solution File, Format Version 12.00
# Visual Studio Version 17
VisualStudioVersion = 17.5.002.0
MinimumVisualStudioVersion = 10.0.40219.1
Project("{9A19103F-16F7-4668-BE54-9A1E7A4F7556}") = "CLIChatApp", "CLIChatApp.csproj", "{7175AD0F-A56B-484D-9391-A070D0EC91BC}"
EndProject
Global
	GlobalSection(SolutionConfigurationPlatforms) = preSolution
		Debug|Any CPU = Debug|Any CPU
		Release|Any CPU = Release|Any CPU
	EndGlobalSection
	GlobalSection(ProjectConfigurationPlatforms) = postSolution
		{7175AD0F-A56B-484D-9391-A070D0EC91BC}.Debug|Any CPU.ActiveCfg = Debug|Any CPU
		{7175AD0F-A56B-484D-9391-A070D0EC91BC}.Debug|Any CPU.Build.0 = Debug|Any CPU
		{7175AD0F-A56B-484D-9391-A070D0EC91BC}.Release|Any CPU.ActiveCfg = Release|Any CPU
		{7175AD0F-A56B-484D-9391-A070D0EC91BC}.Release|Any CPU.Build.0 = Release|Any CPU
	EndGlobalSection
	GlobalSection(SolutionProperties) = preSolution
		HideSolutionNode = FALSE
	EndGlobalSection
	GlobalSection(ExtensibilityGlobals) = postSolution
		SolutionGuid = {ECEBD56D-97DB-43EF-9B57-91BF93017901}
	EndGlobalSection
EndGlobal
